// !$*UTF8*$!
{
	archiveVersion = 1;
	classes = {
	};
	objectVersion = 52;
	objects = {

/* Begin PBXBuildFile section */
		5E6975B626562C470061F2BE /* AppDelegate.swift in Sources */ = {isa = PBXBuildFile; fileRef = 5E6975B526562C470061F2BE /* AppDelegate.swift */; };
		5E6975B826562C480061F2BE /* SceneDelegate.swift in Sources */ = {isa = PBXBuildFile; fileRef = 5E6975B726562C480061F2BE /* SceneDelegate.swift */; };
		5E6975BA26562C480061F2BE /* HomeViewController.swift in Sources */ = {isa = PBXBuildFile; fileRef = 5E6975B926562C480061F2BE /* HomeViewController.swift */; };
		5E6975BF26562C4A0061F2BE /* Assets.xcassets in Resources */ = {isa = PBXBuildFile; fileRef = 5E6975BE26562C4A0061F2BE /* Assets.xcassets */; };
		5E6975C226562C4A0061F2BE /* LaunchScreen.storyboard in Resources */ = {isa = PBXBuildFile; fileRef = 5E6975C026562C4A0061F2BE /* LaunchScreen.storyboard */; };
		5E6975CD265634F00061F2BE /* SnapKit in Frameworks */ = {isa = PBXBuildFile; productRef = 5E6975CC265634F00061F2BE /* SnapKit */; };
		5E6975D0265638A30061F2BE /* MainTableViewCell.swift in Sources */ = {isa = PBXBuildFile; fileRef = 5E6975CF265638A30061F2BE /* MainTableViewCell.swift */; };
		5E6975D52658CDC70061F2BE /* PayViewController.swift in Sources */ = {isa = PBXBuildFile; fileRef = 5E6975D42658CDC70061F2BE /* PayViewController.swift */; };
		5E6975D82658CDD70061F2BE /* OrderViewController.swift in Sources */ = {isa = PBXBuildFile; fileRef = 5E6975D72658CDD70061F2BE /* OrderViewController.swift */; };
		5E6975DB2658CDEA0061F2BE /* GiftViewController.swift in Sources */ = {isa = PBXBuildFile; fileRef = 5E6975DA2658CDEA0061F2BE /* GiftViewController.swift */; };
		5E6975DE2658CDF80061F2BE /* OtherViewController.swift in Sources */ = {isa = PBXBuildFile; fileRef = 5E6975DD2658CDF80061F2BE /* OtherViewController.swift */; };
		5E6975E9265B6EE70061F2BE /* MenuCollectionViewCell.swift in Sources */ = {isa = PBXBuildFile; fileRef = 5E6975E8265B6EE70061F2BE /* MenuCollectionViewCell.swift */; };
		5E6975EC265CAE940061F2BE /* What'sViewController.swift in Sources */ = {isa = PBXBuildFile; fileRef = 5E6975EB265CAE940061F2BE /* What'sViewController.swift */; };
		5E6975EF265CEB310061F2BE /* AllEventTableViewCell.swift in Sources */ = {isa = PBXBuildFile; fileRef = 5E6975EE265CEB310061F2BE /* AllEventTableViewCell.swift */; };
		5E6975F3265D02B20061F2BE /* MenuTableViewCell.swift in Sources */ = {isa = PBXBuildFile; fileRef = 5E6975F2265D02B20061F2BE /* MenuTableViewCell.swift */; };
		5E6975F6265D02E60061F2BE /* EventImageTableViewCell.swift in Sources */ = {isa = PBXBuildFile; fileRef = 5E6975F5265D02E50061F2BE /* EventImageTableViewCell.swift */; };
		5E6975F9265D03080061F2BE /* EventTableViewCell.swift in Sources */ = {isa = PBXBuildFile; fileRef = 5E6975F8265D03080061F2BE /* EventTableViewCell.swift */; };
		5E6975FC265D03250061F2BE /* PopularDrinksTableViewCell.swift in Sources */ = {isa = PBXBuildFile; fileRef = 5E6975FB265D03250061F2BE /* PopularDrinksTableViewCell.swift */; };
		5E697602265E4D530061F2BE /* TestTableViewCell.swift in Sources */ = {isa = PBXBuildFile; fileRef = 5E697601265E4D530061F2BE /* TestTableViewCell.swift */; };
/* End PBXBuildFile section */

/* Begin PBXFileReference section */
		5E6975B226562C470061F2BE /* StarbucksApp.app */ = {isa = PBXFileReference; explicitFileType = wrapper.application; includeInIndex = 0; path = StarbucksApp.app; sourceTree = BUILT_PRODUCTS_DIR; };
		5E6975B526562C470061F2BE /* AppDelegate.swift */ = {isa = PBXFileReference; lastKnownFileType = sourcecode.swift; path = AppDelegate.swift; sourceTree = "<group>"; };
		5E6975B726562C480061F2BE /* SceneDelegate.swift */ = {isa = PBXFileReference; lastKnownFileType = sourcecode.swift; path = SceneDelegate.swift; sourceTree = "<group>"; };
		5E6975B926562C480061F2BE /* HomeViewController.swift */ = {isa = PBXFileReference; lastKnownFileType = sourcecode.swift; path = HomeViewController.swift; sourceTree = "<group>"; };
		5E6975BE26562C4A0061F2BE /* Assets.xcassets */ = {isa = PBXFileReference; lastKnownFileType = folder.assetcatalog; path = Assets.xcassets; sourceTree = "<group>"; };
		5E6975C126562C4A0061F2BE /* Base */ = {isa = PBXFileReference; lastKnownFileType = file.storyboard; name = Base; path = Base.lproj/LaunchScreen.storyboard; sourceTree = "<group>"; };
		5E6975C326562C4A0061F2BE /* Info.plist */ = {isa = PBXFileReference; lastKnownFileType = text.plist.xml; path = Info.plist; sourceTree = "<group>"; };
		5E6975CF265638A30061F2BE /* MainTableViewCell.swift */ = {isa = PBXFileReference; lastKnownFileType = sourcecode.swift; path = MainTableViewCell.swift; sourceTree = "<group>"; };
		5E6975D42658CDC70061F2BE /* PayViewController.swift */ = {isa = PBXFileReference; lastKnownFileType = sourcecode.swift; path = PayViewController.swift; sourceTree = "<group>"; };
		5E6975D72658CDD70061F2BE /* OrderViewController.swift */ = {isa = PBXFileReference; lastKnownFileType = sourcecode.swift; path = OrderViewController.swift; sourceTree = "<group>"; };
		5E6975DA2658CDEA0061F2BE /* GiftViewController.swift */ = {isa = PBXFileReference; lastKnownFileType = sourcecode.swift; path = GiftViewController.swift; sourceTree = "<group>"; };
		5E6975DD2658CDF80061F2BE /* OtherViewController.swift */ = {isa = PBXFileReference; lastKnownFileType = sourcecode.swift; path = OtherViewController.swift; sourceTree = "<group>"; };
		5E6975E8265B6EE70061F2BE /* MenuCollectionViewCell.swift */ = {isa = PBXFileReference; lastKnownFileType = sourcecode.swift; path = MenuCollectionViewCell.swift; sourceTree = "<group>"; };
		5E6975EB265CAE940061F2BE /* What'sViewController.swift */ = {isa = PBXFileReference; lastKnownFileType = sourcecode.swift; path = "What'sViewController.swift"; sourceTree = "<group>"; };
		5E6975EE265CEB310061F2BE /* AllEventTableViewCell.swift */ = {isa = PBXFileReference; lastKnownFileType = sourcecode.swift; path = AllEventTableViewCell.swift; sourceTree = "<group>"; };
		5E6975F2265D02B20061F2BE /* MenuTableViewCell.swift */ = {isa = PBXFileReference; lastKnownFileType = sourcecode.swift; path = MenuTableViewCell.swift; sourceTree = "<group>"; };
		5E6975F5265D02E50061F2BE /* EventImageTableViewCell.swift */ = {isa = PBXFileReference; lastKnownFileType = sourcecode.swift; path = EventImageTableViewCell.swift; sourceTree = "<group>"; };
		5E6975F8265D03080061F2BE /* EventTableViewCell.swift */ = {isa = PBXFileReference; lastKnownFileType = sourcecode.swift; path = EventTableViewCell.swift; sourceTree = "<group>"; };
		5E6975FB265D03250061F2BE /* PopularDrinksTableViewCell.swift */ = {isa = PBXFileReference; lastKnownFileType = sourcecode.swift; path = PopularDrinksTableViewCell.swift; sourceTree = "<group>"; };
		5E697601265E4D530061F2BE /* TestTableViewCell.swift */ = {isa = PBXFileReference; lastKnownFileType = sourcecode.swift; path = TestTableViewCell.swift; sourceTree = "<group>"; };
/* End PBXFileReference section */

/* Begin PBXFrameworksBuildPhase section */
		5E6975AF26562C470061F2BE /* Frameworks */ = {
			isa = PBXFrameworksBuildPhase;
			buildActionMask = 2147483647;
			files = (
				5E6975CD265634F00061F2BE /* SnapKit in Frameworks */,
			);
			runOnlyForDeploymentPostprocessing = 0;
		};
/* End PBXFrameworksBuildPhase section */

/* Begin PBXGroup section */
		5E6975A926562C470061F2BE = {
			isa = PBXGroup;
			children = (
				5E6975B426562C470061F2BE /* StarbucksApp */,
				5E6975B326562C470061F2BE /* Products */,
			);
			sourceTree = "<group>";
		};
		5E6975B326562C470061F2BE /* Products */ = {
			isa = PBXGroup;
			children = (
				5E6975B226562C470061F2BE /* StarbucksApp.app */,
			);
			name = Products;
			sourceTree = "<group>";
		};
		5E6975B426562C470061F2BE /* StarbucksApp */ = {
			isa = PBXGroup;
			children = (
				5E6975E02658CDFB0061F2BE /* Models */,
				5E6975E12658CE060061F2BE /* View */,
				5E6975E22658CE0D0061F2BE /* Controller */,
				5E6975E52658FBF70061F2BE /* Supports */,
				5E6975BE26562C4A0061F2BE /* Assets.xcassets */,
				5E6975C026562C4A0061F2BE /* LaunchScreen.storyboard */,
				5E6975C326562C4A0061F2BE /* Info.plist */,
			);
			path = StarbucksApp;
			sourceTree = "<group>";
		};
		5E6975E02658CDFB0061F2BE /* Models */ = {
			isa = PBXGroup;
			children = (
			);
			path = Models;
			sourceTree = "<group>";
		};
		5E6975E12658CE060061F2BE /* View */ = {
			isa = PBXGroup;
			children = (
				5E6975CF265638A30061F2BE /* MainTableViewCell.swift */,
				5E6975F2265D02B20061F2BE /* MenuTableViewCell.swift */,
				5E6975E8265B6EE70061F2BE /* MenuCollectionViewCell.swift */,
				5E697601265E4D530061F2BE /* TestTableViewCell.swift */,
				5E6975F5265D02E50061F2BE /* EventImageTableViewCell.swift */,
				5E6975FB265D03250061F2BE /* PopularDrinksTableViewCell.swift */,
				5E6975F8265D03080061F2BE /* EventTableViewCell.swift */,
				5E6975EE265CEB310061F2BE /* AllEventTableViewCell.swift */,
			);
			path = View;
			sourceTree = "<group>";
		};
		5E6975E22658CE0D0061F2BE /* Controller */ = {
			isa = PBXGroup;
			children = (
				5E6975B926562C480061F2BE /* HomeViewController.swift */,
				5E6975D42658CDC70061F2BE /* PayViewController.swift */,
				5E6975D72658CDD70061F2BE /* OrderViewController.swift */,
				5E6975DA2658CDEA0061F2BE /* GiftViewController.swift */,
				5E6975DD2658CDF80061F2BE /* OtherViewController.swift */,
				5E6975EB265CAE940061F2BE /* What'sViewController.swift */,
			);
			path = Controller;
			sourceTree = "<group>";
		};
		5E6975E52658FBF70061F2BE /* Supports */ = {
			isa = PBXGroup;
			children = (
				5E6975B526562C470061F2BE /* AppDelegate.swift */,
				5E6975B726562C480061F2BE /* SceneDelegate.swift */,
			);
			path = Supports;
			sourceTree = "<group>";
		};
/* End PBXGroup section */

/* Begin PBXNativeTarget section */
		5E6975B126562C470061F2BE /* StarbucksApp */ = {
			isa = PBXNativeTarget;
			buildConfigurationList = 5E6975C626562C4A0061F2BE /* Build configuration list for PBXNativeTarget "StarbucksApp" */;
			buildPhases = (
				5E6975AE26562C470061F2BE /* Sources */,
				5E6975AF26562C470061F2BE /* Frameworks */,
				5E6975B026562C470061F2BE /* Resources */,
			);
			buildRules = (
			);
			dependencies = (
			);
			name = StarbucksApp;
			packageProductDependencies = (
				5E6975CC265634F00061F2BE /* SnapKit */,
			);
			productName = StarbucksApp;
			productReference = 5E6975B226562C470061F2BE /* StarbucksApp.app */;
			productType = "com.apple.product-type.application";
		};
/* End PBXNativeTarget section */

/* Begin PBXProject section */
		5E6975AA26562C470061F2BE /* Project object */ = {
			isa = PBXProject;
			attributes = {
				LastSwiftUpdateCheck = 1240;
				LastUpgradeCheck = 1240;
				TargetAttributes = {
					5E6975B126562C470061F2BE = {
						CreatedOnToolsVersion = 12.4;
					};
				};
			};
			buildConfigurationList = 5E6975AD26562C470061F2BE /* Build configuration list for PBXProject "StarbucksApp" */;
			compatibilityVersion = "Xcode 9.3";
			developmentRegion = en;
			hasScannedForEncodings = 0;
			knownRegions = (
				en,
				Base,
			);
			mainGroup = 5E6975A926562C470061F2BE;
			packageReferences = (
				5E6975CB265634F00061F2BE /* XCRemoteSwiftPackageReference "SnapKit" */,
			);
			productRefGroup = 5E6975B326562C470061F2BE /* Products */;
			projectDirPath = "";
			projectRoot = "";
			targets = (
				5E6975B126562C470061F2BE /* StarbucksApp */,
			);
		};
/* End PBXProject section */

/* Begin PBXResourcesBuildPhase section */
		5E6975B026562C470061F2BE /* Resources */ = {
			isa = PBXResourcesBuildPhase;
			buildActionMask = 2147483647;
			files = (
				5E6975C226562C4A0061F2BE /* LaunchScreen.storyboard in Resources */,
				5E6975BF26562C4A0061F2BE /* Assets.xcassets in Resources */,
			);
			runOnlyForDeploymentPostprocessing = 0;
		};
/* End PBXResourcesBuildPhase section */

/* Begin PBXSourcesBuildPhase section */
		5E6975AE26562C470061F2BE /* Sources */ = {
			isa = PBXSourcesBuildPhase;
			buildActionMask = 2147483647;
			files = (
				5E6975BA26562C480061F2BE /* HomeViewController.swift in Sources */,
				5E6975EF265CEB310061F2BE /* AllEventTableViewCell.swift in Sources */,
				5E6975F3265D02B20061F2BE /* MenuTableViewCell.swift in Sources */,
				5E6975D52658CDC70061F2BE /* PayViewController.swift in Sources */,
				5E6975F9265D03080061F2BE /* EventTableViewCell.swift in Sources */,
				5E697602265E4D530061F2BE /* TestTableViewCell.swift in Sources */,
				5E6975E9265B6EE70061F2BE /* MenuCollectionViewCell.swift in Sources */,
				5E6975B626562C470061F2BE /* AppDelegate.swift in Sources */,
				5E6975D0265638A30061F2BE /* MainTableViewCell.swift in Sources */,
				5E6975B826562C480061F2BE /* SceneDelegate.swift in Sources */,
				5E6975DE2658CDF80061F2BE /* OtherViewController.swift in Sources */,
				5E6975DB2658CDEA0061F2BE /* GiftViewController.swift in Sources */,
				5E6975FC265D03250061F2BE /* PopularDrinksTableViewCell.swift in Sources */,
				5E6975EC265CAE940061F2BE /* What'sViewController.swift in Sources */,
				5E6975F6265D02E60061F2BE /* EventImageTableViewCell.swift in Sources */,
				5E6975D82658CDD70061F2BE /* OrderViewController.swift in Sources */,
			);
			runOnlyForDeploymentPostprocessing = 0;
		};
/* End PBXSourcesBuildPhase section */

/* Begin PBXVariantGroup section */
		5E6975C026562C4A0061F2BE /* LaunchScreen.storyboard */ = {
			isa = PBXVariantGroup;
			children = (
				5E6975C126562C4A0061F2BE /* Base */,
			);
			name = LaunchScreen.storyboard;
			sourceTree = "<group>";
		};
/* End PBXVariantGroup section */

/* Begin XCBuildConfiguration section */
		5E6975C426562C4A0061F2BE /* Debug */ = {
			isa = XCBuildConfiguration;
			buildSettings = {
				ALWAYS_SEARCH_USER_PATHS = NO;
				CLANG_ANALYZER_NONNULL = YES;
				CLANG_ANALYZER_NUMBER_OBJECT_CONVERSION = YES_AGGRESSIVE;
				CLANG_CXX_LANGUAGE_STANDARD = "gnu++14";
				CLANG_CXX_LIBRARY = "libc++";
				CLANG_ENABLE_MODULES = YES;
				CLANG_ENABLE_OBJC_ARC = YES;
				CLANG_ENABLE_OBJC_WEAK = YES;
				CLANG_WARN_BLOCK_CAPTURE_AUTORELEASING = YES;
				CLANG_WARN_BOOL_CONVERSION = YES;
				CLANG_WARN_COMMA = YES;
				CLANG_WARN_CONSTANT_CONVERSION = YES;
				CLANG_WARN_DEPRECATED_OBJC_IMPLEMENTATIONS = YES;
				CLANG_WARN_DIRECT_OBJC_ISA_USAGE = YES_ERROR;
				CLANG_WARN_DOCUMENTATION_COMMENTS = YES;
				CLANG_WARN_EMPTY_BODY = YES;
				CLANG_WARN_ENUM_CONVERSION = YES;
				CLANG_WARN_INFINITE_RECURSION = YES;
				CLANG_WARN_INT_CONVERSION = YES;
				CLANG_WARN_NON_LITERAL_NULL_CONVERSION = YES;
				CLANG_WARN_OBJC_IMPLICIT_RETAIN_SELF = YES;
				CLANG_WARN_OBJC_LITERAL_CONVERSION = YES;
				CLANG_WARN_OBJC_ROOT_CLASS = YES_ERROR;
				CLANG_WARN_QUOTED_INCLUDE_IN_FRAMEWORK_HEADER = YES;
				CLANG_WARN_RANGE_LOOP_ANALYSIS = YES;
				CLANG_WARN_STRICT_PROTOTYPES = YES;
				CLANG_WARN_SUSPICIOUS_MOVE = YES;
				CLANG_WARN_UNGUARDED_AVAILABILITY = YES_AGGRESSIVE;
				CLANG_WARN_UNREACHABLE_CODE = YES;
				CLANG_WARN__DUPLICATE_METHOD_MATCH = YES;
				COPY_PHASE_STRIP = NO;
				DEBUG_INFORMATION_FORMAT = dwarf;
				ENABLE_STRICT_OBJC_MSGSEND = YES;
				ENABLE_TESTABILITY = YES;
				GCC_C_LANGUAGE_STANDARD = gnu11;
				GCC_DYNAMIC_NO_PIC = NO;
				GCC_NO_COMMON_BLOCKS = YES;
				GCC_OPTIMIZATION_LEVEL = 0;
				GCC_PREPROCESSOR_DEFINITIONS = (
					"DEBUG=1",
					"$(inherited)",
				);
				GCC_WARN_64_TO_32_BIT_CONVERSION = YES;
				GCC_WARN_ABOUT_RETURN_TYPE = YES_ERROR;
				GCC_WARN_UNDECLARED_SELECTOR = YES;
				GCC_WARN_UNINITIALIZED_AUTOS = YES_AGGRESSIVE;
				GCC_WARN_UNUSED_FUNCTION = YES;
				GCC_WARN_UNUSED_VARIABLE = YES;
				IPHONEOS_DEPLOYMENT_TARGET = 14.4;
				MTL_ENABLE_DEBUG_INFO = INCLUDE_SOURCE;
				MTL_FAST_MATH = YES;
				ONLY_ACTIVE_ARCH = YES;
				SDKROOT = iphoneos;
				SWIFT_ACTIVE_COMPILATION_CONDITIONS = DEBUG;
				SWIFT_OPTIMIZATION_LEVEL = "-Onone";
			};
			name = Debug;
		};
		5E6975C526562C4A0061F2BE /* Release */ = {
			isa = XCBuildConfiguration;
			buildSettings = {
				ALWAYS_SEARCH_USER_PATHS = NO;
				CLANG_ANALYZER_NONNULL = YES;
				CLANG_ANALYZER_NUMBER_OBJECT_CONVERSION = YES_AGGRESSIVE;
				CLANG_CXX_LANGUAGE_STANDARD = "gnu++14";
				CLANG_CXX_LIBRARY = "libc++";
				CLANG_ENABLE_MODULES = YES;
				CLANG_ENABLE_OBJC_ARC = YES;
				CLANG_ENABLE_OBJC_WEAK = YES;
				CLANG_WARN_BLOCK_CAPTURE_AUTORELEASING = YES;
				CLANG_WARN_BOOL_CONVERSION = YES;
				CLANG_WARN_COMMA = YES;
				CLANG_WARN_CONSTANT_CONVERSION = YES;
				CLANG_WARN_DEPRECATED_OBJC_IMPLEMENTATIONS = YES;
				CLANG_WARN_DIRECT_OBJC_ISA_USAGE = YES_ERROR;
				CLANG_WARN_DOCUMENTATION_COMMENTS = YES;
				CLANG_WARN_EMPTY_BODY = YES;
				CLANG_WARN_ENUM_CONVERSION = YES;
				CLANG_WARN_INFINITE_RECURSION = YES;
				CLANG_WARN_INT_CONVERSION = YES;
				CLANG_WARN_NON_LITERAL_NULL_CONVERSION = YES;
				CLANG_WARN_OBJC_IMPLICIT_RETAIN_SELF = YES;
				CLANG_WARN_OBJC_LITERAL_CONVERSION = YES;
				CLANG_WARN_OBJC_ROOT_CLASS = YES_ERROR;
				CLANG_WARN_QUOTED_INCLUDE_IN_FRAMEWORK_HEADER = YES;
				CLANG_WARN_RANGE_LOOP_ANALYSIS = YES;
				CLANG_WARN_STRICT_PROTOTYPES = YES;
				CLANG_WARN_SUSPICIOUS_MOVE = YES;
				CLANG_WARN_UNGUARDED_AVAILABILITY = YES_AGGRESSIVE;
				CLANG_WARN_UNREACHABLE_CODE = YES;
				CLANG_WARN__DUPLICATE_METHOD_MATCH = YES;
				COPY_PHASE_STRIP = NO;
				DEBUG_INFORMATION_FORMAT = "dwarf-with-dsym";
				ENABLE_NS_ASSERTIONS = NO;
				ENABLE_STRICT_OBJC_MSGSEND = YES;
				GCC_C_LANGUAGE_STANDARD = gnu11;
				GCC_NO_COMMON_BLOCKS = YES;
				GCC_WARN_64_TO_32_BIT_CONVERSION = YES;
				GCC_WARN_ABOUT_RETURN_TYPE = YES_ERROR;
				GCC_WARN_UNDECLARED_SELECTOR = YES;
				GCC_WARN_UNINITIALIZED_AUTOS = YES_AGGRESSIVE;
				GCC_WARN_UNUSED_FUNCTION = YES;
				GCC_WARN_UNUSED_VARIABLE = YES;
				IPHONEOS_DEPLOYMENT_TARGET = 14.4;
				MTL_ENABLE_DEBUG_INFO = NO;
				MTL_FAST_MATH = YES;
				SDKROOT = iphoneos;
				SWIFT_COMPILATION_MODE = wholemodule;
				SWIFT_OPTIMIZATION_LEVEL = "-O";
				VALIDATE_PRODUCT = YES;
			};
			name = Release;
		};
		5E6975C726562C4A0061F2BE /* Debug */ = {
			isa = XCBuildConfiguration;
			buildSettings = {
				ASSETCATALOG_COMPILER_APPICON_NAME = AppIcon;
				ASSETCATALOG_COMPILER_GLOBAL_ACCENT_COLOR_NAME = AccentColor;
				CODE_SIGN_STYLE = Automatic;
				DEVELOPMENT_TEAM = 3GQF74JFF8;
				INFOPLIST_FILE = StarbucksApp/Info.plist;
				LD_RUNPATH_SEARCH_PATHS = (
					"$(inherited)",
					"@executable_path/Frameworks",
				);
				PRODUCT_BUNDLE_IDENTIFIER = com.gmail.minheeshin93.StarbucksApp;
				PRODUCT_NAME = "$(TARGET_NAME)";
				SWIFT_VERSION = 5.0;
				TARGETED_DEVICE_FAMILY = "1,2";
			};
			name = Debug;
		};
		5E6975C826562C4A0061F2BE /* Release */ = {
			isa = XCBuildConfiguration;
			buildSettings = {
				ASSETCATALOG_COMPILER_APPICON_NAME = AppIcon;
				ASSETCATALOG_COMPILER_GLOBAL_ACCENT_COLOR_NAME = AccentColor;
				CODE_SIGN_STYLE = Automatic;
				DEVELOPMENT_TEAM = 3GQF74JFF8;
				INFOPLIST_FILE = StarbucksApp/Info.plist;
				LD_RUNPATH_SEARCH_PATHS = (
					"$(inherited)",
					"@executable_path/Frameworks",
				);
				PRODUCT_BUNDLE_IDENTIFIER = com.gmail.minheeshin93.StarbucksApp;
				PRODUCT_NAME = "$(TARGET_NAME)";
				SWIFT_VERSION = 5.0;
				TARGETED_DEVICE_FAMILY = "1,2";
			};
			name = Release;
		};
/* End XCBuildConfiguration section */

/* Begin XCConfigurationList section */
		5E6975AD26562C470061F2BE /* Build configuration list for PBXProject "StarbucksApp" */ = {
			isa = XCConfigurationList;
			buildConfigurations = (
				5E6975C426562C4A0061F2BE /* Debug */,
				5E6975C526562C4A0061F2BE /* Release */,
			);
			defaultConfigurationIsVisible = 0;
			defaultConfigurationName = Release;
		};
		5E6975C626562C4A0061F2BE /* Build configuration list for PBXNativeTarget "StarbucksApp" */ = {
			isa = XCConfigurationList;
			buildConfigurations = (
				5E6975C726562C4A0061F2BE /* Debug */,
				5E6975C826562C4A0061F2BE /* Release */,
			);
			defaultConfigurationIsVisible = 0;
			defaultConfigurationName = Release;
		};
/* End XCConfigurationList section */

/* Begin XCRemoteSwiftPackageReference section */
		5E6975CB265634F00061F2BE /* XCRemoteSwiftPackageReference "SnapKit" */ = {
			isa = XCRemoteSwiftPackageReference;
			repositoryURL = "https://github.com/SnapKit/SnapKit.git";
			requirement = {
				kind = upToNextMajorVersion;
				minimumVersion = 5.0.1;
			};
		};
/* End XCRemoteSwiftPackageReference section */

/* Begin XCSwiftPackageProductDependency section */
		5E6975CC265634F00061F2BE /* SnapKit */ = {
			isa = XCSwiftPackageProductDependency;
			package = 5E6975CB265634F00061F2BE /* XCRemoteSwiftPackageReference "SnapKit" */;
			productName = SnapKit;
		};
/* End XCSwiftPackageProductDependency section */
	};
	rootObject = 5E6975AA26562C470061F2BE /* Project object */;
}
